version = 1
revision = 3
requires-python = "==3.14.*"

[[package]]
name = "cffi"
version = "2.0.0"
source = { registry = "https://pypi.org/simple" }
dependencies = [
    { name = "pycparser", marker = "implementation_name != 'PyPy'" },
]
sdist = { url = "https://files.pythonhosted.org/packages/eb/56/b1ba7935a17738ae8453301356628e8147c79dbb825bcbc73dc7401f9846/cffi-2.0.0.tar.gz", hash = "sha256:44d1b5909021139fe36001ae048dbdde8214afa20200eda0f64c068cac5d5529", size = 523588, upload-time = "2025-09-08T23:24:04.541Z" }
wheels = [
    { url = "https://files.pythonhosted.org/packages/92/c4/3ce07396253a83250ee98564f8d7e9789fab8e58858f35d07a9a2c78de9f/cffi-2.0.0-cp314-cp314-macosx_10_13_x86_64.whl", hash = "sha256:fc33c5141b55ed366cfaad382df24fe7dcbc686de5be719b207bb248e3053dc5", size = 185320, upload-time = "2025-09-08T23:23:18.087Z" },
    { url = "https://files.pythonhosted.org/packages/59/dd/27e9fa567a23931c838c6b02d0764611c62290062a6d4e8ff7863daf9730/cffi-2.0.0-cp314-cp314-macosx_11_0_arm64.whl", hash = "sha256:c654de545946e0db659b3400168c9ad31b5d29593291482c43e3564effbcee13", size = 181487, upload-time = "2025-09-08T23:23:19.622Z" },
    { url = "https://files.pythonhosted.org/packages/d6/43/0e822876f87ea8a4ef95442c3d766a06a51fc5298823f884ef87aaad168c/cffi-2.0.0-cp314-cp314-manylinux2014_aarch64.manylinux_2_17_aarch64.whl", hash = "sha256:24b6f81f1983e6df8db3adc38562c83f7d4a0c36162885ec7f7b77c7dcbec97b", size = 220049, upload-time = "2025-09-08T23:23:20.853Z" },
    { url = "https://files.pythonhosted.org/packages/b4/89/76799151d9c2d2d1ead63c2429da9ea9d7aac304603de0c6e8764e6e8e70/cffi-2.0.0-cp314-cp314-manylinux2014_ppc64le.manylinux_2_17_ppc64le.whl", hash = "sha256:12873ca6cb9b0f0d3a0da705d6086fe911591737a59f28b7936bdfed27c0d47c", size = 207793, upload-time = "2025-09-08T23:23:22.08Z" },
    { url = "https://files.pythonhosted.org/packages/bb/dd/3465b14bb9e24ee24cb88c9e3730f6de63111fffe513492bf8c808a3547e/cffi-2.0.0-cp314-cp314-manylinux2014_s390x.manylinux_2_17_s390x.whl", hash = "sha256:d9b97165e8aed9272a6bb17c01e3cc5871a594a446ebedc996e2397a1c1ea8ef", size = 206300, upload-time = "2025-09-08T23:23:23.314Z" },
    { url = "https://files.pythonhosted.org/packages/47/d9/d83e293854571c877a92da46fdec39158f8d7e68da75bf73581225d28e90/cffi-2.0.0-cp314-cp314-manylinux2014_x86_64.manylinux_2_17_x86_64.whl", hash = "sha256:afb8db5439b81cf9c9d0c80404b60c3cc9c3add93e114dcae767f1477cb53775", size = 219244, upload-time = "2025-09-08T23:23:24.541Z" },
    { url = "https://files.pythonhosted.org/packages/2b/0f/1f177e3683aead2bb00f7679a16451d302c436b5cbf2505f0ea8146ef59e/cffi-2.0.0-cp314-cp314-musllinux_1_2_aarch64.whl", hash = "sha256:737fe7d37e1a1bffe70bd5754ea763a62a066dc5913ca57e957824b72a85e205", size = 222828, upload-time = "2025-09-08T23:23:26.143Z" },
    { url = "https://files.pythonhosted.org/packages/c6/0f/cafacebd4b040e3119dcb32fed8bdef8dfe94da653155f9d0b9dc660166e/cffi-2.0.0-cp314-cp314-musllinux_1_2_x86_64.whl", hash = "sha256:38100abb9d1b1435bc4cc340bb4489635dc2f0da7456590877030c9b3d40b0c1", size = 220926, upload-time = "2025-09-08T23:23:27.873Z" },
    { url = "https://files.pythonhosted.org/packages/3e/aa/df335faa45b395396fcbc03de2dfcab242cd61a9900e914fe682a59170b1/cffi-2.0.0-cp314-cp314-win32.whl", hash = "sha256:087067fa8953339c723661eda6b54bc98c5625757ea62e95eb4898ad5e776e9f", size = 175328, upload-time = "2025-09-08T23:23:44.61Z" },
    { url = "https://files.pythonhosted.org/packages/bb/92/882c2d30831744296ce713f0feb4c1cd30f346ef747b530b5318715cc367/cffi-2.0.0-cp314-cp314-win_amd64.whl", hash = "sha256:203a48d1fb583fc7d78a4c6655692963b860a417c0528492a6bc21f1aaefab25", size = 185650, upload-time = "2025-09-08T23:23:45.848Z" },
    { url = "https://files.pythonhosted.org/packages/9f/2c/98ece204b9d35a7366b5b2c6539c350313ca13932143e79dc133ba757104/cffi-2.0.0-cp314-cp314-win_arm64.whl", hash = "sha256:dbd5c7a25a7cb98f5ca55d258b103a2054f859a46ae11aaf23134f9cc0d356ad", size = 180687, upload-time = "2025-09-08T23:23:47.105Z" },
    { url = "https://files.pythonhosted.org/packages/3e/61/c768e4d548bfa607abcda77423448df8c471f25dbe64fb2ef6d555eae006/cffi-2.0.0-cp314-cp314t-macosx_10_13_x86_64.whl", hash = "sha256:9a67fc9e8eb39039280526379fb3a70023d77caec1852002b4da7e8b270c4dd9", size = 188773, upload-time = "2025-09-08T23:23:29.347Z" },
    { url = "https://files.pythonhosted.org/packages/2c/ea/5f76bce7cf6fcd0ab1a1058b5af899bfbef198bea4d5686da88471ea0336/cffi-2.0.0-cp314-cp314t-macosx_11_0_arm64.whl", hash = "sha256:7a66c7204d8869299919db4d5069a82f1561581af12b11b3c9f48c584eb8743d", size = 185013, upload-time = "2025-09-08T23:23:30.63Z" },
    { url = "https://files.pythonhosted.org/packages/be/b4/c56878d0d1755cf9caa54ba71e5d049479c52f9e4afc230f06822162ab2f/cffi-2.0.0-cp314-cp314t-manylinux2014_aarch64.manylinux_2_17_aarch64.whl", hash = "sha256:7cc09976e8b56f8cebd752f7113ad07752461f48a58cbba644139015ac24954c", size = 221593, upload-time = "2025-09-08T23:23:31.91Z" },
    { url = "https://files.pythonhosted.org/packages/e0/0d/eb704606dfe8033e7128df5e90fee946bbcb64a04fcdaa97321309004000/cffi-2.0.0-cp314-cp314t-manylinux2014_ppc64le.manylinux_2_17_ppc64le.whl", hash = "sha256:92b68146a71df78564e4ef48af17551a5ddd142e5190cdf2c5624d0c3ff5b2e8", size = 209354, upload-time = "2025-09-08T23:23:33.214Z" },
    { url = "https://files.pythonhosted.org/packages/d8/19/3c435d727b368ca475fb8742ab97c9cb13a0de600ce86f62eab7fa3eea60/cffi-2.0.0-cp314-cp314t-manylinux2014_s390x.manylinux_2_17_s390x.whl", hash = "sha256:b1e74d11748e7e98e2f426ab176d4ed720a64412b6a15054378afdb71e0f37dc", size = 208480, upload-time = "2025-09-08T23:23:34.495Z" },
    { url = "https://files.pythonhosted.org/packages/d0/44/681604464ed9541673e486521497406fadcc15b5217c3e326b061696899a/cffi-2.0.0-cp314-cp314t-manylinux2014_x86_64.manylinux_2_17_x86_64.whl", hash = "sha256:28a3a209b96630bca57cce802da70c266eb08c6e97e5afd61a75611ee6c64592", size = 221584, upload-time = "2025-09-08T23:23:36.096Z" },
    { url = "https://files.pythonhosted.org/packages/25/8e/342a504ff018a2825d395d44d63a767dd8ebc927ebda557fecdaca3ac33a/cffi-2.0.0-cp314-cp314t-musllinux_1_2_aarch64.whl", hash = "sha256:7553fb2090d71822f02c629afe6042c299edf91ba1bf94951165613553984512", size = 224443, upload-time = "2025-09-08T23:23:37.328Z" },
    { url = "https://files.pythonhosted.org/packages/e1/5e/b666bacbbc60fbf415ba9988324a132c9a7a0448a9a8f125074671c0f2c3/cffi-2.0.0-cp314-cp314t-musllinux_1_2_x86_64.whl", hash = "sha256:6c6c373cfc5c83a975506110d17457138c8c63016b563cc9ed6e056a82f13ce4", size = 223437, upload-time = "2025-09-08T23:23:38.945Z" },
    { url = "https://files.pythonhosted.org/packages/a0/1d/ec1a60bd1a10daa292d3cd6bb0b359a81607154fb8165f3ec95fe003b85c/cffi-2.0.0-cp314-cp314t-win32.whl", hash = "sha256:1fc9ea04857caf665289b7a75923f2c6ed559b8298a1b8c49e59f7dd95c8481e", size = 180487, upload-time = "2025-09-08T23:23:40.423Z" },
    { url = "https://files.pythonhosted.org/packages/bf/41/4c1168c74fac325c0c8156f04b6749c8b6a8f405bbf91413ba088359f60d/cffi-2.0.0-cp314-cp314t-win_amd64.whl", hash = "sha256:d68b6cef7827e8641e8ef16f4494edda8b36104d79773a334beaa1e3521430f6", size = 191726, upload-time = "2025-09-08T23:23:41.742Z" },
    { url = "https://files.pythonhosted.org/packages/ae/3a/dbeec9d1ee0844c679f6bb5d6ad4e9f198b1224f4e7a32825f47f6192b0c/cffi-2.0.0-cp314-cp314t-win_arm64.whl", hash = "sha256:0a1527a803f0a659de1af2e1fd700213caba79377e27e4693648c2923da066f9", size = 184195, upload-time = "2025-09-08T23:23:43.004Z" },
]

[[package]]
name = "colorama"
version = "0.4.6"
source = { registry = "https://pypi.org/simple" }
sdist = { url = "https://files.pythonhosted.org/packages/d8/53/6f443c9a4a8358a93a6792e2acffb9d9d5cb0a5cfd8802644b7b1c9a02e4/colorama-0.4.6.tar.gz", hash = "sha256:08695f5cb7ed6e0531a20572697297273c47b8cae5a63ffc6d6ed5c201be6e44", size = 27697, upload-time = "2022-10-25T02:36:22.414Z" }
wheels = [
    { url = "https://files.pythonhosted.org/packages/d1/d6/3965ed04c63042e047cb6a3e6ed1a63a35087b6a609aa3a15ed8ac56c221/colorama-0.4.6-py2.py3-none-any.whl", hash = "sha256:4f1d9991f5acc0ca119f9d443620b77f9d6b33703e51011c16baf57afb285fc6", size = 25335, upload-time = "2022-10-25T02:36:20.889Z" },
]

[[package]]
name = "editorconfig-checker"
version = "3.4.0"
source = { registry = "https://pypi.org/simple" }
sdist = { url = "https://files.pythonhosted.org/packages/80/a8/4cf2ef76cb52a2d3409ed905096b3c2b4a6f39c96305e199b9f8c830980a/editorconfig-checker-3.4.0.tar.gz", hash = "sha256:8e254bf26d8ebbd314626482d0ed4fc59d52b333eac19ad630d4520b6aa468b4", size = 4767, upload-time = "2025-08-14T21:30:21.538Z" }

[[package]]
name = "execnet"
version = "2.1.1"
source = { registry = "https://pypi.org/simple" }
sdist = { url = "https://files.pythonhosted.org/packages/bb/ff/b4c0dc78fbe20c3e59c0c7334de0c27eb4001a2b2017999af398bf730817/execnet-2.1.1.tar.gz", hash = "sha256:5189b52c6121c24feae288166ab41b32549c7e2348652736540b9e6e7d4e72e3", size = 166524, upload-time = "2024-04-08T09:04:19.245Z" }
wheels = [
    { url = "https://files.pythonhosted.org/packages/43/09/2aea36ff60d16dd8879bdb2f5b3ee0ba8d08cbbdcdfe870e695ce3784385/execnet-2.1.1-py3-none-any.whl", hash = "sha256:26dee51f1b80cebd6d0ca8e74dd8745419761d3bef34163928cbebbdc4749fdc", size = 40612, upload-time = "2024-04-08T09:04:17.414Z" },
]

[[package]]
name = "gitrole"
source = { editable = "." }
dependencies = [
    { name = "pygit2" },
    { name = "pyyaml" },
]

[package.dev-dependencies]
dev = [
    { name = "editorconfig-checker" },
    { name = "lefthook" },
    { name = "pytest" },
    { name = "pytest-xdist" },
    { name = "ruff" },
    { name = "ty" },
    { name = "types-setuptools" },
    { name = "typos" },
]
gh-actions = [
    { name = "editorconfig-checker" },
    { name = "lefthook" },
    { name = "pytest" },
    { name = "pytest-github-actions-annotate-failures" },
    { name = "pytest-xdist" },
    { name = "ruff" },
    { name = "ty" },
    { name = "types-setuptools" },
    { name = "typos" },
]

[package.metadata]
requires-dist = [
    { name = "pygit2", specifier = "~=1.18.2" },
    { name = "pyyaml", specifier = "~=6.0.3" },
]

[package.metadata.requires-dev]
dev = [
    { name = "editorconfig-checker", specifier = "==3.4.0" },
    { name = "lefthook", specifier = "==1.13.6" },
    { name = "pytest", specifier = "==8.4.2" },
    { name = "pytest-xdist", specifier = "==3.8.0" },
    { name = "ruff", specifier = "==0.14.0" },
    { name = "ty", specifier = "==0.0.1a22" },
    { name = "types-setuptools", specifier = "==80.9.0.20250822" },
    { name = "typos", specifier = "==1.38.1" },
]
gh-actions = [
    { name = "editorconfig-checker", specifier = "==3.4.0" },
    { name = "lefthook", specifier = "==1.13.6" },
    { name = "pytest", specifier = "==8.4.2" },
    { name = "pytest-github-actions-annotate-failures", specifier = "==0.3.0" },
    { name = "pytest-xdist", specifier = "==3.8.0" },
    { name = "ruff", specifier = "==0.14.0" },
    { name = "ty", specifier = "==0.0.1a22" },
    { name = "types-setuptools", specifier = "==80.9.0.20250822" },
    { name = "typos", specifier = "==1.38.1" },
]

[[package]]
name = "iniconfig"
version = "2.1.0"
source = { registry = "https://pypi.org/simple" }
sdist = { url = "https://files.pythonhosted.org/packages/f2/97/ebf4da567aa6827c909642694d71c9fcf53e5b504f2d96afea02718862f3/iniconfig-2.1.0.tar.gz", hash = "sha256:3abbd2e30b36733fee78f9c7f7308f2d0050e88f0087fd25c2645f63c773e1c7", size = 4793, upload-time = "2025-03-19T20:09:59.721Z" }
wheels = [
    { url = "https://files.pythonhosted.org/packages/2c/e1/e6716421ea10d38022b952c159d5161ca1193197fb744506875fbb87ea7b/iniconfig-2.1.0-py3-none-any.whl", hash = "sha256:9deba5723312380e77435581c6bf4935c94cbfab9b1ed33ef8d238ea168eb760", size = 6050, upload-time = "2025-03-19T20:10:01.071Z" },
]

[[package]]
name = "lefthook"
version = "1.13.6"
source = { registry = "https://pypi.org/simple" }
sdist = { url = "https://files.pythonhosted.org/packages/aa/f2/26e8014966b6c5b3ea1e170afb773967b5dc2eebcae77b20b66d958264ee/lefthook-1.13.6.tar.gz", hash = "sha256:1e46aa23bcefcf58c05542bb987f975b3b6a1fc6c1e902c48d1cddfc9b39fad7", size = 55409157, upload-time = "2025-09-30T13:08:37.875Z" }
wheels = [
    { url = "https://files.pythonhosted.org/packages/fd/38/83f3e214893cacb1e0d48c780ec715815e0fbb2c88e1d0af5d1b56d536d6/lefthook-1.13.6-py3-none-any.whl", hash = "sha256:46a72eee2b6a04d248b5defdbe803d089067a613443513b4f139b9aff9cad26d", size = 55676007, upload-time = "2025-09-30T13:08:34.143Z" },
]

[[package]]
name = "packaging"
version = "25.0"
source = { registry = "https://pypi.org/simple" }
sdist = { url = "https://files.pythonhosted.org/packages/a1/d4/1fc4078c65507b51b96ca8f8c3ba19e6a61c8253c72794544580a7b6c24d/packaging-25.0.tar.gz", hash = "sha256:d443872c98d677bf60f6a1f2f8c1cb748e8fe762d2bf9d3148b5599295b0fc4f", size = 165727, upload-time = "2025-04-19T11:48:59.673Z" }
wheels = [
    { url = "https://files.pythonhosted.org/packages/20/12/38679034af332785aac8774540895e234f4d07f7545804097de4b666afd8/packaging-25.0-py3-none-any.whl", hash = "sha256:29572ef2b1f17581046b3a2227d5c611fb25ec70ca1ba8554b24b0e69331a484", size = 66469, upload-time = "2025-04-19T11:48:57.875Z" },
]

[[package]]
name = "pluggy"
version = "1.6.0"
source = { registry = "https://pypi.org/simple" }
sdist = { url = "https://files.pythonhosted.org/packages/f9/e2/3e91f31a7d2b083fe6ef3fa267035b518369d9511ffab804f839851d2779/pluggy-1.6.0.tar.gz", hash = "sha256:7dcc130b76258d33b90f61b658791dede3486c3e6bfb003ee5c9bfb396dd22f3", size = 69412, upload-time = "2025-05-15T12:30:07.975Z" }
wheels = [
    { url = "https://files.pythonhosted.org/packages/54/20/4d324d65cc6d9205fabedc306948156824eb9f0ee1633355a8f7ec5c66bf/pluggy-1.6.0-py3-none-any.whl", hash = "sha256:e920276dd6813095e9377c0bc5566d94c932c33b27a3e3945d8389c374dd4746", size = 20538, upload-time = "2025-05-15T12:30:06.134Z" },
]

[[package]]
name = "pycparser"
version = "2.23"
source = { registry = "https://pypi.org/simple" }
sdist = { url = "https://files.pythonhosted.org/packages/fe/cf/d2d3b9f5699fb1e4615c8e32ff220203e43b248e1dfcc6736ad9057731ca/pycparser-2.23.tar.gz", hash = "sha256:78816d4f24add8f10a06d6f05b4d424ad9e96cfebf68a4ddc99c65c0720d00c2", size = 173734, upload-time = "2025-09-09T13:23:47.91Z" }
wheels = [
    { url = "https://files.pythonhosted.org/packages/a0/e3/59cd50310fc9b59512193629e1984c1f95e5c8ae6e5d8c69532ccc65a7fe/pycparser-2.23-py3-none-any.whl", hash = "sha256:e5c6e8d3fbad53479cab09ac03729e0a9faf2bee3db8208a550daf5af81a5934", size = 118140, upload-time = "2025-09-09T13:23:46.651Z" },
]

[[package]]
name = "pygit2"
version = "1.18.2"
source = { registry = "https://pypi.org/simple" }
dependencies = [
    { name = "cffi" },
]
sdist = { url = "https://files.pythonhosted.org/packages/2e/ea/762d00f6f518423cd889e39b12028844cc95f91a6413cf7136e184864821/pygit2-1.18.2.tar.gz", hash = "sha256:eca87e0662c965715b7f13491d5e858df2c0908341dee9bde2bc03268e460f55", size = 797200, upload-time = "2025-08-16T13:52:36.853Z" }

[[package]]
name = "pygments"
version = "2.19.2"
source = { registry = "https://pypi.org/simple" }
sdist = { url = "https://files.pythonhosted.org/packages/b0/77/a5b8c569bf593b0140bde72ea885a803b82086995367bf2037de0159d924/pygments-2.19.2.tar.gz", hash = "sha256:636cb2477cec7f8952536970bc533bc43743542f70392ae026374600add5b887", size = 4968631, upload-time = "2025-06-21T13:39:12.283Z" }
wheels = [
    { url = "https://files.pythonhosted.org/packages/c7/21/705964c7812476f378728bdf590ca4b771ec72385c533964653c68e86bdc/pygments-2.19.2-py3-none-any.whl", hash = "sha256:86540386c03d588bb81d44bc3928634ff26449851e99741617ecb9037ee5ec0b", size = 1225217, upload-time = "2025-06-21T13:39:07.939Z" },
]

[[package]]
name = "pytest"
version = "8.4.2"
source = { registry = "https://pypi.org/simple" }
dependencies = [
    { name = "colorama", marker = "sys_platform == 'win32'" },
    { name = "iniconfig" },
    { name = "packaging" },
    { name = "pluggy" },
    { name = "pygments" },
]
sdist = { url = "https://files.pythonhosted.org/packages/a3/5c/00a0e072241553e1a7496d638deababa67c5058571567b92a7eaa258397c/pytest-8.4.2.tar.gz", hash = "sha256:86c0d0b93306b961d58d62a4db4879f27fe25513d4b969df351abdddb3c30e01", size = 1519618, upload-time = "2025-09-04T14:34:22.711Z" }
wheels = [
    { url = "https://files.pythonhosted.org/packages/a8/a4/20da314d277121d6534b3a980b29035dcd51e6744bd79075a6ce8fa4eb8d/pytest-8.4.2-py3-none-any.whl", hash = "sha256:872f880de3fc3a5bdc88a11b39c9710c3497a547cfa9320bc3c5e62fbf272e79", size = 365750, upload-time = "2025-09-04T14:34:20.226Z" },
]

[[package]]
name = "pytest-github-actions-annotate-failures"
version = "0.3.0"
source = { registry = "https://pypi.org/simple" }
dependencies = [
    { name = "pytest" },
]
sdist = { url = "https://files.pythonhosted.org/packages/39/d4/c54ee6a871eee4a7468e3a8c0dead28e634c0bc2110c694309dcb7563a66/pytest_github_actions_annotate_failures-0.3.0.tar.gz", hash = "sha256:d4c3177c98046c3900a7f8ddebb22ea54b9f6822201b5d3ab8fcdea51e010db7", size = 11248, upload-time = "2025-01-17T22:39:32.722Z" }
wheels = [
    { url = "https://files.pythonhosted.org/packages/6d/73/7b0b15cb8605ee967b34aa1d949737ab664f94e6b0f1534e8339d9e64ab2/pytest_github_actions_annotate_failures-0.3.0-py3-none-any.whl", hash = "sha256:41ea558ba10c332c0bfc053daeee0c85187507b2034e990f21e4f7e5fef044cf", size = 6030, upload-time = "2025-01-17T22:39:31.701Z" },
]

[[package]]
name = "pytest-xdist"
version = "3.8.0"
source = { registry = "https://pypi.org/simple" }
dependencies = [
    { name = "execnet" },
    { name = "pytest" },
]
sdist = { url = "https://files.pythonhosted.org/packages/78/b4/439b179d1ff526791eb921115fca8e44e596a13efeda518b9d845a619450/pytest_xdist-3.8.0.tar.gz", hash = "sha256:7e578125ec9bc6050861aa93f2d59f1d8d085595d6551c2c90b6f4fad8d3a9f1", size = 88069, upload-time = "2025-07-01T13:30:59.346Z" }
wheels = [
    { url = "https://files.pythonhosted.org/packages/ca/31/d4e37e9e550c2b92a9cbc2e4d0b7420a27224968580b5a447f420847c975/pytest_xdist-3.8.0-py3-none-any.whl", hash = "sha256:202ca578cfeb7370784a8c33d6d05bc6e13b4f25b5053c30a152269fd10f0b88", size = 46396, upload-time = "2025-07-01T13:30:56.632Z" },
]

[[package]]
name = "pyyaml"
version = "6.0.3"
source = { registry = "https://pypi.org/simple" }
sdist = { url = "https://files.pythonhosted.org/packages/05/8e/961c0007c59b8dd7729d542c61a4d537767a59645b82a0b521206e1e25c2/pyyaml-6.0.3.tar.gz", hash = "sha256:d76623373421df22fb4cf8817020cbb7ef15c725b9d5e45f17e189bfc384190f", size = 130960, upload-time = "2025-09-25T21:33:16.546Z" }
wheels = [
    { url = "https://files.pythonhosted.org/packages/9d/8c/f4bd7f6465179953d3ac9bc44ac1a8a3e6122cf8ada906b4f96c60172d43/pyyaml-6.0.3-cp314-cp314-macosx_10_13_x86_64.whl", hash = "sha256:8d1fab6bb153a416f9aeb4b8763bc0f22a5586065f86f7664fc23339fc1c1fac", size = 181814, upload-time = "2025-09-25T21:32:35.712Z" },
    { url = "https://files.pythonhosted.org/packages/bd/9c/4d95bb87eb2063d20db7b60faa3840c1b18025517ae857371c4dd55a6b3a/pyyaml-6.0.3-cp314-cp314-macosx_11_0_arm64.whl", hash = "sha256:34d5fcd24b8445fadc33f9cf348c1047101756fd760b4dacb5c3e99755703310", size = 173809, upload-time = "2025-09-25T21:32:36.789Z" },
    { url = "https://files.pythonhosted.org/packages/92/b5/47e807c2623074914e29dabd16cbbdd4bf5e9b2db9f8090fa64411fc5382/pyyaml-6.0.3-cp314-cp314-manylinux2014_aarch64.manylinux_2_17_aarch64.manylinux_2_28_aarch64.whl", hash = "sha256:501a031947e3a9025ed4405a168e6ef5ae3126c59f90ce0cd6f2bfc477be31b7", size = 766454, upload-time = "2025-09-25T21:32:37.966Z" },
    { url = "https://files.pythonhosted.org/packages/02/9e/e5e9b168be58564121efb3de6859c452fccde0ab093d8438905899a3a483/pyyaml-6.0.3-cp314-cp314-manylinux2014_s390x.manylinux_2_17_s390x.manylinux_2_28_s390x.whl", hash = "sha256:b3bc83488de33889877a0f2543ade9f70c67d66d9ebb4ac959502e12de895788", size = 836355, upload-time = "2025-09-25T21:32:39.178Z" },
    { url = "https://files.pythonhosted.org/packages/88/f9/16491d7ed2a919954993e48aa941b200f38040928474c9e85ea9e64222c3/pyyaml-6.0.3-cp314-cp314-manylinux2014_x86_64.manylinux_2_17_x86_64.manylinux_2_28_x86_64.whl", hash = "sha256:c458b6d084f9b935061bc36216e8a69a7e293a2f1e68bf956dcd9e6cbcd143f5", size = 794175, upload-time = "2025-09-25T21:32:40.865Z" },
    { url = "https://files.pythonhosted.org/packages/dd/3f/5989debef34dc6397317802b527dbbafb2b4760878a53d4166579111411e/pyyaml-6.0.3-cp314-cp314-musllinux_1_2_aarch64.whl", hash = "sha256:7c6610def4f163542a622a73fb39f534f8c101d690126992300bf3207eab9764", size = 755228, upload-time = "2025-09-25T21:32:42.084Z" },
    { url = "https://files.pythonhosted.org/packages/d7/ce/af88a49043cd2e265be63d083fc75b27b6ed062f5f9fd6cdc223ad62f03e/pyyaml-6.0.3-cp314-cp314-musllinux_1_2_x86_64.whl", hash = "sha256:5190d403f121660ce8d1d2c1bb2ef1bd05b5f68533fc5c2ea899bd15f4399b35", size = 789194, upload-time = "2025-09-25T21:32:43.362Z" },
    { url = "https://files.pythonhosted.org/packages/23/20/bb6982b26a40bb43951265ba29d4c246ef0ff59c9fdcdf0ed04e0687de4d/pyyaml-6.0.3-cp314-cp314-win_amd64.whl", hash = "sha256:4a2e8cebe2ff6ab7d1050ecd59c25d4c8bd7e6f400f5f82b96557ac0abafd0ac", size = 156429, upload-time = "2025-09-25T21:32:57.844Z" },
    { url = "https://files.pythonhosted.org/packages/f4/f4/a4541072bb9422c8a883ab55255f918fa378ecf083f5b85e87fc2b4eda1b/pyyaml-6.0.3-cp314-cp314-win_arm64.whl", hash = "sha256:93dda82c9c22deb0a405ea4dc5f2d0cda384168e466364dec6255b293923b2f3", size = 143912, upload-time = "2025-09-25T21:32:59.247Z" },
    { url = "https://files.pythonhosted.org/packages/7c/f9/07dd09ae774e4616edf6cda684ee78f97777bdd15847253637a6f052a62f/pyyaml-6.0.3-cp314-cp314t-macosx_10_13_x86_64.whl", hash = "sha256:02893d100e99e03eda1c8fd5c441d8c60103fd175728e23e431db1b589cf5ab3", size = 189108, upload-time = "2025-09-25T21:32:44.377Z" },
    { url = "https://files.pythonhosted.org/packages/4e/78/8d08c9fb7ce09ad8c38ad533c1191cf27f7ae1effe5bb9400a46d9437fcf/pyyaml-6.0.3-cp314-cp314t-macosx_11_0_arm64.whl", hash = "sha256:c1ff362665ae507275af2853520967820d9124984e0f7466736aea23d8611fba", size = 183641, upload-time = "2025-09-25T21:32:45.407Z" },
    { url = "https://files.pythonhosted.org/packages/7b/5b/3babb19104a46945cf816d047db2788bcaf8c94527a805610b0289a01c6b/pyyaml-6.0.3-cp314-cp314t-manylinux2014_aarch64.manylinux_2_17_aarch64.manylinux_2_28_aarch64.whl", hash = "sha256:6adc77889b628398debc7b65c073bcb99c4a0237b248cacaf3fe8a557563ef6c", size = 831901, upload-time = "2025-09-25T21:32:48.83Z" },
    { url = "https://files.pythonhosted.org/packages/8b/cc/dff0684d8dc44da4d22a13f35f073d558c268780ce3c6ba1b87055bb0b87/pyyaml-6.0.3-cp314-cp314t-manylinux2014_s390x.manylinux_2_17_s390x.manylinux_2_28_s390x.whl", hash = "sha256:a80cb027f6b349846a3bf6d73b5e95e782175e52f22108cfa17876aaeff93702", size = 861132, upload-time = "2025-09-25T21:32:50.149Z" },
    { url = "https://files.pythonhosted.org/packages/b1/5e/f77dc6b9036943e285ba76b49e118d9ea929885becb0a29ba8a7c75e29fe/pyyaml-6.0.3-cp314-cp314t-manylinux2014_x86_64.manylinux_2_17_x86_64.manylinux_2_28_x86_64.whl", hash = "sha256:00c4bdeba853cc34e7dd471f16b4114f4162dc03e6b7afcc2128711f0eca823c", size = 839261, upload-time = "2025-09-25T21:32:51.808Z" },
    { url = "https://files.pythonhosted.org/packages/ce/88/a9db1376aa2a228197c58b37302f284b5617f56a5d959fd1763fb1675ce6/pyyaml-6.0.3-cp314-cp314t-musllinux_1_2_aarch64.whl", hash = "sha256:66e1674c3ef6f541c35191caae2d429b967b99e02040f5ba928632d9a7f0f065", size = 805272, upload-time = "2025-09-25T21:32:52.941Z" },
    { url = "https://files.pythonhosted.org/packages/da/92/1446574745d74df0c92e6aa4a7b0b3130706a4142b2d1a5869f2eaa423c6/pyyaml-6.0.3-cp314-cp314t-musllinux_1_2_x86_64.whl", hash = "sha256:16249ee61e95f858e83976573de0f5b2893b3677ba71c9dd36b9cf8be9ac6d65", size = 829923, upload-time = "2025-09-25T21:32:54.537Z" },
    { url = "https://files.pythonhosted.org/packages/f0/7a/1c7270340330e575b92f397352af856a8c06f230aa3e76f86b39d01b416a/pyyaml-6.0.3-cp314-cp314t-win_amd64.whl", hash = "sha256:4ad1906908f2f5ae4e5a8ddfce73c320c2a1429ec52eafd27138b7f1cbe341c9", size = 174062, upload-time = "2025-09-25T21:32:55.767Z" },
    { url = "https://files.pythonhosted.org/packages/f1/12/de94a39c2ef588c7e6455cfbe7343d3b2dc9d6b6b2f40c4c6565744c873d/pyyaml-6.0.3-cp314-cp314t-win_arm64.whl", hash = "sha256:ebc55a14a21cb14062aa4162f906cd962b28e2e9ea38f9b4391244cd8de4ae0b", size = 149341, upload-time = "2025-09-25T21:32:56.828Z" },
]

[[package]]
name = "ruff"
version = "0.14.0"
source = { registry = "https://pypi.org/simple" }
sdist = { url = "https://files.pythonhosted.org/packages/41/b9/9bd84453ed6dd04688de9b3f3a4146a1698e8faae2ceeccce4e14c67ae17/ruff-0.14.0.tar.gz", hash = "sha256:62ec8969b7510f77945df916de15da55311fade8d6050995ff7f680afe582c57", size = 5452071, upload-time = "2025-10-07T18:21:55.763Z" }
wheels = [
    { url = "https://files.pythonhosted.org/packages/3a/4e/79d463a5f80654e93fa653ebfb98e0becc3f0e7cf6219c9ddedf1e197072/ruff-0.14.0-py3-none-linux_armv6l.whl", hash = "sha256:58e15bffa7054299becf4bab8a1187062c6f8cafbe9f6e39e0d5aface455d6b3", size = 12494532, upload-time = "2025-10-07T18:21:00.373Z" },
    { url = "https://files.pythonhosted.org/packages/ee/40/e2392f445ed8e02aa6105d49db4bfff01957379064c30f4811c3bf38aece/ruff-0.14.0-py3-none-macosx_10_12_x86_64.whl", hash = "sha256:838d1b065f4df676b7c9957992f2304e41ead7a50a568185efd404297d5701e8", size = 13160768, upload-time = "2025-10-07T18:21:04.73Z" },
    { url = "https://files.pythonhosted.org/packages/75/da/2a656ea7c6b9bd14c7209918268dd40e1e6cea65f4bb9880eaaa43b055cd/ruff-0.14.0-py3-none-macosx_11_0_arm64.whl", hash = "sha256:703799d059ba50f745605b04638fa7e9682cc3da084b2092feee63500ff3d9b8", size = 12363376, upload-time = "2025-10-07T18:21:07.833Z" },
    { url = "https://files.pythonhosted.org/packages/42/e2/1ffef5a1875add82416ff388fcb7ea8b22a53be67a638487937aea81af27/ruff-0.14.0-py3-none-manylinux_2_17_aarch64.manylinux2014_aarch64.whl", hash = "sha256:3ba9a8925e90f861502f7d974cc60e18ca29c72bb0ee8bfeabb6ade35a3abde7", size = 12608055, upload-time = "2025-10-07T18:21:10.72Z" },
    { url = "https://files.pythonhosted.org/packages/4a/32/986725199d7cee510d9f1dfdf95bf1efc5fa9dd714d0d85c1fb1f6be3bc3/ruff-0.14.0-py3-none-manylinux_2_17_armv7l.manylinux2014_armv7l.whl", hash = "sha256:e41f785498bd200ffc276eb9e1570c019c1d907b07cfb081092c8ad51975bbe7", size = 12318544, upload-time = "2025-10-07T18:21:13.741Z" },
    { url = "https://files.pythonhosted.org/packages/9a/ed/4969cefd53315164c94eaf4da7cfba1f267dc275b0abdd593d11c90829a3/ruff-0.14.0-py3-none-manylinux_2_17_i686.manylinux2014_i686.whl", hash = "sha256:30a58c087aef4584c193aebf2700f0fbcfc1e77b89c7385e3139956fa90434e2", size = 14001280, upload-time = "2025-10-07T18:21:16.411Z" },
    { url = "https://files.pythonhosted.org/packages/ab/ad/96c1fc9f8854c37681c9613d825925c7f24ca1acfc62a4eb3896b50bacd2/ruff-0.14.0-py3-none-manylinux_2_17_ppc64.manylinux2014_ppc64.whl", hash = "sha256:f8d07350bc7af0a5ce8812b7d5c1a7293cf02476752f23fdfc500d24b79b783c", size = 15027286, upload-time = "2025-10-07T18:21:19.577Z" },
    { url = "https://files.pythonhosted.org/packages/b3/00/1426978f97df4fe331074baf69615f579dc4e7c37bb4c6f57c2aad80c87f/ruff-0.14.0-py3-none-manylinux_2_17_ppc64le.manylinux2014_ppc64le.whl", hash = "sha256:eec3bbbf3a7d5482b5c1f42d5fc972774d71d107d447919fca620b0be3e3b75e", size = 14451506, upload-time = "2025-10-07T18:21:22.779Z" },
    { url = "https://files.pythonhosted.org/packages/58/d5/9c1cea6e493c0cf0647674cca26b579ea9d2a213b74b5c195fbeb9678e15/ruff-0.14.0-py3-none-manylinux_2_17_s390x.manylinux2014_s390x.whl", hash = "sha256:16b68e183a0e28e5c176d51004aaa40559e8f90065a10a559176713fcf435206", size = 13437384, upload-time = "2025-10-07T18:21:25.758Z" },
    { url = "https://files.pythonhosted.org/packages/29/b4/4cd6a4331e999fc05d9d77729c95503f99eae3ba1160469f2b64866964e3/ruff-0.14.0-py3-none-manylinux_2_17_x86_64.manylinux2014_x86_64.whl", hash = "sha256:eb732d17db2e945cfcbbc52af0143eda1da36ca8ae25083dd4f66f1542fdf82e", size = 13447976, upload-time = "2025-10-07T18:21:28.83Z" },
    { url = "https://files.pythonhosted.org/packages/3b/c0/ac42f546d07e4f49f62332576cb845d45c67cf5610d1851254e341d563b6/ruff-0.14.0-py3-none-manylinux_2_31_riscv64.whl", hash = "sha256:c958f66ab884b7873e72df38dcabee03d556a8f2ee1b8538ee1c2bbd619883dd", size = 13682850, upload-time = "2025-10-07T18:21:31.842Z" },
    { url = "https://files.pythonhosted.org/packages/5f/c4/4b0c9bcadd45b4c29fe1af9c5d1dc0ca87b4021665dfbe1c4688d407aa20/ruff-0.14.0-py3-none-musllinux_1_2_aarch64.whl", hash = "sha256:7eb0499a2e01f6e0c285afc5bac43ab380cbfc17cd43a2e1dd10ec97d6f2c42d", size = 12449825, upload-time = "2025-10-07T18:21:35.074Z" },
    { url = "https://files.pythonhosted.org/packages/4b/a8/e2e76288e6c16540fa820d148d83e55f15e994d852485f221b9524514730/ruff-0.14.0-py3-none-musllinux_1_2_armv7l.whl", hash = "sha256:4c63b2d99fafa05efca0ab198fd48fa6030d57e4423df3f18e03aa62518c565f", size = 12272599, upload-time = "2025-10-07T18:21:38.08Z" },
    { url = "https://files.pythonhosted.org/packages/18/14/e2815d8eff847391af632b22422b8207704222ff575dec8d044f9ab779b2/ruff-0.14.0-py3-none-musllinux_1_2_i686.whl", hash = "sha256:668fce701b7a222f3f5327f86909db2bbe99c30877c8001ff934c5413812ac02", size = 13193828, upload-time = "2025-10-07T18:21:41.216Z" },
    { url = "https://files.pythonhosted.org/packages/44/c6/61ccc2987cf0aecc588ff8f3212dea64840770e60d78f5606cd7dc34de32/ruff-0.14.0-py3-none-musllinux_1_2_x86_64.whl", hash = "sha256:a86bf575e05cb68dcb34e4c7dfe1064d44d3f0c04bbc0491949092192b515296", size = 13628617, upload-time = "2025-10-07T18:21:44.04Z" },
    { url = "https://files.pythonhosted.org/packages/73/e6/03b882225a1b0627e75339b420883dc3c90707a8917d2284abef7a58d317/ruff-0.14.0-py3-none-win32.whl", hash = "sha256:7450a243d7125d1c032cb4b93d9625dea46c8c42b4f06c6b709baac168e10543", size = 12367872, upload-time = "2025-10-07T18:21:46.67Z" },
    { url = "https://files.pythonhosted.org/packages/41/77/56cf9cf01ea0bfcc662de72540812e5ba8e9563f33ef3d37ab2174892c47/ruff-0.14.0-py3-none-win_amd64.whl", hash = "sha256:ea95da28cd874c4d9c922b39381cbd69cb7e7b49c21b8152b014bd4f52acddc2", size = 13464628, upload-time = "2025-10-07T18:21:50.318Z" },
    { url = "https://files.pythonhosted.org/packages/c6/2a/65880dfd0e13f7f13a775998f34703674a4554906167dce02daf7865b954/ruff-0.14.0-py3-none-win_arm64.whl", hash = "sha256:f42c9495f5c13ff841b1da4cb3c2a42075409592825dada7c5885c2c844ac730", size = 12565142, upload-time = "2025-10-07T18:21:53.577Z" },
]

[[package]]
name = "ty"
version = "0.0.1a22"
source = { registry = "https://pypi.org/simple" }
sdist = { url = "https://files.pythonhosted.org/packages/bb/87/eab73cdc990d1141b60237379975efc0e913bfa0d19083daab0f497444a6/ty-0.0.1a22.tar.gz", hash = "sha256:b20ec5362830a1e9e05654c15e88607fdbb45325ec130a9a364c6dd412ecbf55", size = 4312182, upload-time = "2025-10-10T13:07:15.88Z" }
wheels = [
    { url = "https://files.pythonhosted.org/packages/4d/30/83e2dbfbc70de8a1932b19daf05ce803d7d76cdc6251de1519a49cf1c27d/ty-0.0.1a22-py3-none-linux_armv6l.whl", hash = "sha256:6efba0c777881d2d072fa7375a64ad20357e825eff2a0b6ff9ec80399a04253b", size = 8581795, upload-time = "2025-10-10T13:06:44.396Z" },
    { url = "https://files.pythonhosted.org/packages/d7/8c/5193534fc4a3569f517408828d077b26d6280fe8c2dd0bdc63db4403dcdb/ty-0.0.1a22-py3-none-macosx_10_12_x86_64.whl", hash = "sha256:2ada020eebe1b44403affdf45cd5c8d3fb8312c3e80469d795690093c0921f55", size = 8682602, upload-time = "2025-10-10T13:06:46.44Z" },
    { url = "https://files.pythonhosted.org/packages/22/4a/7ba53493bf37b61d3e0dfe6df910e6bc74c40d16c3effd84e15c0863d34e/ty-0.0.1a22-py3-none-macosx_11_0_arm64.whl", hash = "sha256:ed4f11f1a5824ea10d3e46b1990d092c3f341b1d492c357d23bed2ac347fd253", size = 8278839, upload-time = "2025-10-10T13:06:48.688Z" },
    { url = "https://files.pythonhosted.org/packages/52/0a/d9862c41b9615de56d2158bfbb5177dbf5a65e94922d3dd13855f48cb91b/ty-0.0.1a22-py3-none-manylinux_2_17_aarch64.manylinux2014_aarch64.whl", hash = "sha256:56f48d8f94292909d596dbeb56ff7f9f070bd316aa628b45c02ca2b2f5797f31", size = 8421483, upload-time = "2025-10-10T13:06:50.75Z" },
    { url = "https://files.pythonhosted.org/packages/a5/cb/3ebe0e45b80724d4c2f849fdf304179727fd06df7fee7cd12fe6c3efe49d/ty-0.0.1a22-py3-none-manylinux_2_17_armv7l.manylinux2014_armv7l.whl", hash = "sha256:733e9ac22885b6574de26bdbae439c960a06acc825a938d3780c9d498bb65339", size = 8419225, upload-time = "2025-10-10T13:06:52.533Z" },
    { url = "https://files.pythonhosted.org/packages/4f/b5/da65f3f8ad31d881ca9987a3f6f26069a0cc649c9354adb7453ca62116bb/ty-0.0.1a22-py3-none-manylinux_2_17_i686.manylinux2014_i686.whl", hash = "sha256:5135d662484e56809c77b3343614005585caadaa5c1cf643ed6a09303497652b", size = 9352336, upload-time = "2025-10-10T13:06:54.476Z" },
    { url = "https://files.pythonhosted.org/packages/a3/24/9c46f2eb16734ab0fcf3291486b1c5c528a1569f94541dc1f19f97dd2a5b/ty-0.0.1a22-py3-none-manylinux_2_17_ppc64.manylinux2014_ppc64.whl", hash = "sha256:87f297f99a98154d33a3f21991979418c65d8bf480f6a1bad1e54d46d2dc7df7", size = 9857840, upload-time = "2025-10-10T13:06:56.514Z" },
    { url = "https://files.pythonhosted.org/packages/d8/ae/930c94bbbe5c049eae5355a197c39522844f55c7ab7fccd0ba061f618541/ty-0.0.1a22-py3-none-manylinux_2_17_ppc64le.manylinux2014_ppc64le.whl", hash = "sha256:3310217eaa4dccf20b7336fcbeb072097addc6fde0c9d3f791dea437af0aa6dc", size = 9452611, upload-time = "2025-10-10T13:06:58.154Z" },
    { url = "https://files.pythonhosted.org/packages/a2/80/d8f594438465c352cf0ebd4072f5ca3be2871153a3cd279ed2f35ecd487c/ty-0.0.1a22-py3-none-manylinux_2_17_s390x.manylinux2014_s390x.whl", hash = "sha256:12b032e81012bf5228fd65f01b50e29eb409534b6aac28ee5c48ee3b7b860ddf", size = 9214875, upload-time = "2025-10-10T13:06:59.861Z" },
    { url = "https://files.pythonhosted.org/packages/fd/07/f852fb20ac27707de495c39a02aeb056e3368833b7e12888d43b1f61594d/ty-0.0.1a22-py3-none-manylinux_2_17_x86_64.manylinux2014_x86_64.whl", hash = "sha256:a3ffda8149cab0000a21e7a078142073e27a1a9ac03b9a0837aa2f53d1fbebcb", size = 8906715, upload-time = "2025-10-10T13:07:01.926Z" },
    { url = "https://files.pythonhosted.org/packages/40/4d/0e0b85b4179891cc3067a6e717f5161921c07873a4f545963fdf1dd3619c/ty-0.0.1a22-py3-none-musllinux_1_2_aarch64.whl", hash = "sha256:afa512e7dc78f0cf0b55f87394968ba59c46993c67bc0ef295962144fea85b12", size = 8350873, upload-time = "2025-10-10T13:07:03.999Z" },
    { url = "https://files.pythonhosted.org/packages/a1/1f/e70c63e12b4a0d97d4fd6f872dd199113666ad1b236e18838fa5e5d5502d/ty-0.0.1a22-py3-none-musllinux_1_2_armv7l.whl", hash = "sha256:069cdbbea6025f7ebbb5e9043c8d0daf760358df46df8304ef5ca5bb3e320aef", size = 8442568, upload-time = "2025-10-10T13:07:05.745Z" },
    { url = "https://files.pythonhosted.org/packages/de/3b/55518906cb3598f2b99ff1e86c838d77d006cab70cdd2a0a625d02ccb52c/ty-0.0.1a22-py3-none-musllinux_1_2_i686.whl", hash = "sha256:67d31d902e6fd67a4b3523604f635e71d2ec55acfb9118f984600584bfe0ff2a", size = 8896775, upload-time = "2025-10-10T13:07:08.02Z" },
    { url = "https://files.pythonhosted.org/packages/c3/ea/60c654c27931bf84fa9cb463a4c4c49e8869c052fa607a6e930be717b619/ty-0.0.1a22-py3-none-musllinux_1_2_x86_64.whl", hash = "sha256:f9e154f262162e6f76b01f318e469ac6c22ffce22b010c396ed34e81d8369821", size = 9054544, upload-time = "2025-10-10T13:07:09.675Z" },
    { url = "https://files.pythonhosted.org/packages/6c/60/9a6d5530d6829ccf656e6ae0fb13d70a4e2514f4fb8910266ebd54286620/ty-0.0.1a22-py3-none-win32.whl", hash = "sha256:37525433ca7b02a8fca4b8fa9dcde818bf3a413b539b9dbc8f7b39d124eb7c49", size = 8165703, upload-time = "2025-10-10T13:07:11.378Z" },
    { url = "https://files.pythonhosted.org/packages/14/9c/ac08c832643850d4e18cbc959abc69cd51d531fe11bdb691098b3cf2f562/ty-0.0.1a22-py3-none-win_amd64.whl", hash = "sha256:75d21cdeba8bcef247af89518d7ce98079cac4a55c4160cb76682ea40a18b92c", size = 8828319, upload-time = "2025-10-10T13:07:12.815Z" },
    { url = "https://files.pythonhosted.org/packages/22/df/38068fc44e3cfb455aeb41d0ff1850a4d3c9988010466d4a8d19860b8b9a/ty-0.0.1a22-py3-none-win_arm64.whl", hash = "sha256:1c7f040fe311e9696917417434c2a0e58402235be842c508002c6a2eff1398b0", size = 8367136, upload-time = "2025-10-10T13:07:14.518Z" },
]

[[package]]
name = "types-setuptools"
version = "80.9.0.20250822"
source = { registry = "https://pypi.org/simple" }
sdist = { url = "https://files.pythonhosted.org/packages/19/bd/1e5f949b7cb740c9f0feaac430e301b8f1c5f11a81e26324299ea671a237/types_setuptools-80.9.0.20250822.tar.gz", hash = "sha256:070ea7716968ec67a84c7f7768d9952ff24d28b65b6594797a464f1b3066f965", size = 41296, upload-time = "2025-08-22T03:02:08.771Z" }
wheels = [
    { url = "https://files.pythonhosted.org/packages/b6/2d/475bf15c1cdc172e7a0d665b6e373ebfb1e9bf734d3f2f543d668b07a142/types_setuptools-80.9.0.20250822-py3-none-any.whl", hash = "sha256:53bf881cb9d7e46ed12c76ef76c0aaf28cfe6211d3fab12e0b83620b1a8642c3", size = 63179, upload-time = "2025-08-22T03:02:07.643Z" },
]

[[package]]
name = "typos"
version = "1.38.1"
source = { registry = "https://pypi.org/simple" }
sdist = { url = "https://files.pythonhosted.org/packages/6b/a7/48975b0e9e7769ded387991dc381c68a91850e9639cbe92578bd5ab0bc80/typos-1.38.1.tar.gz", hash = "sha256:145c72cb897b6bf05c3a021fe83272c3d632a389b0d6151cc22d5ec103d5ebec", size = 1745423, upload-time = "2025-10-07T19:58:10.787Z" }
wheels = [
    { url = "https://files.pythonhosted.org/packages/14/c0/f1184750eaeb91170fd59b34986e4363b2d95d12f27a4a56f5d4cb103d69/typos-1.38.1-py3-none-macosx_10_12_x86_64.whl", hash = "sha256:81555bf13a4a396f4a67b111fac4c089160a1895fabc74b2d25ade8679fb6282", size = 3478929, upload-time = "2025-10-07T19:57:55.345Z" },
    { url = "https://files.pythonhosted.org/packages/70/f6/a7583a43b0f67968943d3e8d18fda2d2d0d988a3ce8e09a6ffa87d4790ce/typos-1.38.1-py3-none-macosx_11_0_arm64.whl", hash = "sha256:2104ccb86b0fae888f18c550b37e878ab059cd38986cbfb5bb52e8dbcbfe4040", size = 3367313, upload-time = "2025-10-07T19:57:57.921Z" },
    { url = "https://files.pythonhosted.org/packages/eb/95/44383ce970b51335437f1857b9d8ee87bfff0948ff74f65240cafe1b9a1f/typos-1.38.1-py3-none-manylinux_2_17_aarch64.manylinux2014_aarch64.whl", hash = "sha256:b09aa2005cdab56cd4f22385817443e6e016a654d65324d7836c4b803b45bde4", size = 8152103, upload-time = "2025-10-07T19:57:59.209Z" },
    { url = "https://files.pythonhosted.org/packages/d8/05/c65a588ad32804f4dfb902877f603962fead149c06ff41977f45cba37ee3/typos-1.38.1-py3-none-manylinux_2_17_i686.manylinux2014_i686.whl", hash = "sha256:e796091790b5bbd56b8302004898c78590c8007cc4e8818d9a6b452ab25e2b04", size = 7142716, upload-time = "2025-10-07T19:58:00.723Z" },
    { url = "https://files.pythonhosted.org/packages/8a/24/69b7365e45c7b56db74cd1fe5701e3afc764979dd894a70959b60760abe6/typos-1.38.1-py3-none-manylinux_2_17_x86_64.manylinux2014_x86_64.whl", hash = "sha256:05b0ff729edd43b772a944d4b26dcb85d2386278fd52e23d5731c05f08ffccbc", size = 7682203, upload-time = "2025-10-07T19:58:03.168Z" },
    { url = "https://files.pythonhosted.org/packages/5b/00/293382352fc3dd4dddd1628df642b3ac0e2331dacc8eebfd04a31d1faab6/typos-1.38.1-py3-none-musllinux_1_2_aarch64.whl", hash = "sha256:0c2653617f2e3292f2a947e4c2c219284bc4738eb604499b74c3963f7393ba2d", size = 7056854, upload-time = "2025-10-07T19:58:04.72Z" },
    { url = "https://files.pythonhosted.org/packages/77/eb/c15157c5e03c7e66056c693e6908a0e207e7761117a8c1bac44c37c5109f/typos-1.38.1-py3-none-musllinux_1_2_x86_64.whl", hash = "sha256:92ba4a1f594d9f92c122f441187e9c5e76f71d03d38fe5e177efc245f55cf195", size = 8091503, upload-time = "2025-10-07T19:58:06.39Z" },
    { url = "https://files.pythonhosted.org/packages/d0/15/c2868f63f8cbb83f4efb61219c275ab373d0b427bb0d9a85e94c14802b0c/typos-1.38.1-py3-none-win32.whl", hash = "sha256:3d6eb15ebd1d0801e936573ea7d9dd88fb97a6b514224028a386bc31d4ba0ec4", size = 3038482, upload-time = "2025-10-07T19:58:07.724Z" },
    { url = "https://files.pythonhosted.org/packages/b3/13/f8f30794c344a1ffcaa445e4bbbeaab99f232b5d451634ace773b5c5ba79/typos-1.38.1-py3-none-win_amd64.whl", hash = "sha256:46d264618c6b3000afed13639af7dccbb78a5b8bd70cb3a438980eda58f6d175", size = 3216345, upload-time = "2025-10-07T19:58:09.189Z" },
]
